// !$*UTF8*$!
{
	archiveVersion = 1;
	classes = {
	};
	objectVersion = 56;
	objects = {

/* Begin PBXBuildFile section */
		CE00502229267DB700908B41 /* ApiClient.swift in Sources */ = {isa = PBXBuildFile; fileRef = CE00502129267DB700908B41 /* ApiClient.swift */; };
		CE0050242926C10F00908B41 /* DownloadUsers.swift in Sources */ = {isa = PBXBuildFile; fileRef = CE0050232926C10F00908B41 /* DownloadUsers.swift */; };
		CE0050292927FA2A00908B41 /* KeyboardLayoutGuide in Frameworks */ = {isa = PBXBuildFile; productRef = CE0050282927FA2A00908B41 /* KeyboardLayoutGuide */; };
		CE0E0391292A880600565AA5 /* UsersTableAndCollectionsViewController.swift in Sources */ = {isa = PBXBuildFile; fileRef = CE0E0390292A880600565AA5 /* UsersTableAndCollectionsViewController.swift */; };
		CE0E0393292ADD0E00565AA5 /* UserCollectionViewCell.swift in Sources */ = {isa = PBXBuildFile; fileRef = CE0E0392292ADD0E00565AA5 /* UserCollectionViewCell.swift */; };
		CE1B09D8292D0ABC00D88120 /* TextViewTableViewCell.swift in Sources */ = {isa = PBXBuildFile; fileRef = CE1B09D7292D0ABC00D88120 /* TextViewTableViewCell.swift */; };
		CE1B09DA292D3C9D00D88120 /* UsersStorage.swift in Sources */ = {isa = PBXBuildFile; fileRef = CE1B09D9292D3C9D00D88120 /* UsersStorage.swift */; };
		CE36B6882923B7D6001FE9D7 /* KeyChainManager.swift in Sources */ = {isa = PBXBuildFile; fileRef = CE36B6872923B7D6001FE9D7 /* KeyChainManager.swift */; };
		CE36B68B2923CAA3001FE9D7 /* UserDefaultsController.swift in Sources */ = {isa = PBXBuildFile; fileRef = CE36B68A2923CAA3001FE9D7 /* UserDefaultsController.swift */; };
		CE36B68D2923D995001FE9D7 /* LoginViewController.swift in Sources */ = {isa = PBXBuildFile; fileRef = CE36B68C2923D995001FE9D7 /* LoginViewController.swift */; };
		CE36B68F29244A5D001FE9D7 /* SignUpViewController.swift in Sources */ = {isa = PBXBuildFile; fileRef = CE36B68E29244A5D001FE9D7 /* SignUpViewController.swift */; };
		CE48B81C291BBA7F00B50DA0 /* AppDelegate.swift in Sources */ = {isa = PBXBuildFile; fileRef = CE48B81B291BBA7F00B50DA0 /* AppDelegate.swift */; };
		CE48B81E291BBA7F00B50DA0 /* SceneDelegate.swift in Sources */ = {isa = PBXBuildFile; fileRef = CE48B81D291BBA7F00B50DA0 /* SceneDelegate.swift */; };
		CE48B823291BBA7F00B50DA0 /* Main.storyboard in Resources */ = {isa = PBXBuildFile; fileRef = CE48B821291BBA7F00B50DA0 /* Main.storyboard */; };
		CE48B825291BBA8000B50DA0 /* Assets.xcassets in Resources */ = {isa = PBXBuildFile; fileRef = CE48B824291BBA8000B50DA0 /* Assets.xcassets */; };
		CE48B828291BBA8000B50DA0 /* LaunchScreen.storyboard in Resources */ = {isa = PBXBuildFile; fileRef = CE48B826291BBA8000B50DA0 /* LaunchScreen.storyboard */; };
		CE48B833291BBA8100B50DA0 /* usersTests.swift in Sources */ = {isa = PBXBuildFile; fileRef = CE48B832291BBA8100B50DA0 /* usersTests.swift */; };
		CE48B83D291BBA8100B50DA0 /* usersUITests.swift in Sources */ = {isa = PBXBuildFile; fileRef = CE48B83C291BBA8100B50DA0 /* usersUITests.swift */; };
		CE48B83F291BBA8100B50DA0 /* usersUITestsLaunchTests.swift in Sources */ = {isa = PBXBuildFile; fileRef = CE48B83E291BBA8100B50DA0 /* usersUITestsLaunchTests.swift */; };
		CE48B84D291BBAD400B50DA0 /* Validation.swift in Sources */ = {isa = PBXBuildFile; fileRef = CE48B84C291BBAD400B50DA0 /* Validation.swift */; };
		CE48B84F291BBB3000B50DA0 /* Login.storyboard in Resources */ = {isa = PBXBuildFile; fileRef = CE48B84E291BBB3000B50DA0 /* Login.storyboard */; };
		CE4D575B291D11CD00AF41BD /* UserTableViewCell.swift in Sources */ = {isa = PBXBuildFile; fileRef = CE4D575A291D11CD00AF41BD /* UserTableViewCell.swift */; };
		CE4D575E291D399800AF41BD /* User.swift in Sources */ = {isa = PBXBuildFile; fileRef = CE4D575D291D399800AF41BD /* User.swift */; };
		CE4D5760292007F400AF41BD /* UserDetailsTableViewController.swift in Sources */ = {isa = PBXBuildFile; fileRef = CE4D575F292007F400AF41BD /* UserDetailsTableViewController.swift */; };
		CE4D5762292008B800AF41BD /* RequsitesTableViewCell.swift in Sources */ = {isa = PBXBuildFile; fileRef = CE4D5761292008B800AF41BD /* RequsitesTableViewCell.swift */; };
		CE4D576429200E3E00AF41BD /* PersonalInfo.swift in Sources */ = {isa = PBXBuildFile; fileRef = CE4D576329200E3E00AF41BD /* PersonalInfo.swift */; };
		CE4D576629201F0A00AF41BD /* UserDetailsTableViewCell.swift in Sources */ = {isa = PBXBuildFile; fileRef = CE4D576529201F0A00AF41BD /* UserDetailsTableViewCell.swift */; };
		CE8ED30B292861E40011CF18 /* SignUpDetailsViewController.swift in Sources */ = {isa = PBXBuildFile; fileRef = CE8ED30A292861E40011CF18 /* SignUpDetailsViewController.swift */; };
		CEBE9A6029227F3C00944A6E /* ProfileTableViewCell.swift in Sources */ = {isa = PBXBuildFile; fileRef = CEBE9A5F29227F3C00944A6E /* ProfileTableViewCell.swift */; };
/* End PBXBuildFile section */

/* Begin PBXContainerItemProxy section */
		CE48B82F291BBA8100B50DA0 /* PBXContainerItemProxy */ = {
			isa = PBXContainerItemProxy;
			containerPortal = CE48B810291BBA7F00B50DA0 /* Project object */;
			proxyType = 1;
			remoteGlobalIDString = CE48B817291BBA7F00B50DA0;
			remoteInfo = users;
		};
		CE48B839291BBA8100B50DA0 /* PBXContainerItemProxy */ = {
			isa = PBXContainerItemProxy;
			containerPortal = CE48B810291BBA7F00B50DA0 /* Project object */;
			proxyType = 1;
			remoteGlobalIDString = CE48B817291BBA7F00B50DA0;
			remoteInfo = users;
		};
/* End PBXContainerItemProxy section */

/* Begin PBXFileReference section */
		CE00502129267DB700908B41 /* ApiClient.swift */ = {isa = PBXFileReference; lastKnownFileType = sourcecode.swift; path = ApiClient.swift; sourceTree = "<group>"; };
		CE0050232926C10F00908B41 /* DownloadUsers.swift */ = {isa = PBXFileReference; lastKnownFileType = sourcecode.swift; path = DownloadUsers.swift; sourceTree = "<group>"; };
		CE0E0390292A880600565AA5 /* UsersTableAndCollectionsViewController.swift */ = {isa = PBXFileReference; lastKnownFileType = sourcecode.swift; path = UsersTableAndCollectionsViewController.swift; sourceTree = "<group>"; };
		CE0E0392292ADD0E00565AA5 /* UserCollectionViewCell.swift */ = {isa = PBXFileReference; lastKnownFileType = sourcecode.swift; path = UserCollectionViewCell.swift; sourceTree = "<group>"; };
		CE1B09D7292D0ABC00D88120 /* TextViewTableViewCell.swift */ = {isa = PBXFileReference; lastKnownFileType = sourcecode.swift; path = TextViewTableViewCell.swift; sourceTree = "<group>"; };
		CE1B09D9292D3C9D00D88120 /* UsersStorage.swift */ = {isa = PBXFileReference; lastKnownFileType = sourcecode.swift; path = UsersStorage.swift; sourceTree = "<group>"; };
		CE36B6872923B7D6001FE9D7 /* KeyChainManager.swift */ = {isa = PBXFileReference; lastKnownFileType = sourcecode.swift; path = KeyChainManager.swift; sourceTree = "<group>"; };
		CE36B68A2923CAA3001FE9D7 /* UserDefaultsController.swift */ = {isa = PBXFileReference; lastKnownFileType = sourcecode.swift; path = UserDefaultsController.swift; sourceTree = "<group>"; };
		CE36B68C2923D995001FE9D7 /* LoginViewController.swift */ = {isa = PBXFileReference; lastKnownFileType = sourcecode.swift; path = LoginViewController.swift; sourceTree = "<group>"; };
		CE36B68E29244A5D001FE9D7 /* SignUpViewController.swift */ = {isa = PBXFileReference; lastKnownFileType = sourcecode.swift; path = SignUpViewController.swift; sourceTree = "<group>"; };
		CE48B818291BBA7F00B50DA0 /* users.app */ = {isa = PBXFileReference; explicitFileType = wrapper.application; includeInIndex = 0; path = users.app; sourceTree = BUILT_PRODUCTS_DIR; };
		CE48B81B291BBA7F00B50DA0 /* AppDelegate.swift */ = {isa = PBXFileReference; lastKnownFileType = sourcecode.swift; path = AppDelegate.swift; sourceTree = "<group>"; };
		CE48B81D291BBA7F00B50DA0 /* SceneDelegate.swift */ = {isa = PBXFileReference; lastKnownFileType = sourcecode.swift; path = SceneDelegate.swift; sourceTree = "<group>"; };
		CE48B822291BBA7F00B50DA0 /* Base */ = {isa = PBXFileReference; lastKnownFileType = file.storyboard; name = Base; path = Base.lproj/Main.storyboard; sourceTree = "<group>"; };
		CE48B824291BBA8000B50DA0 /* Assets.xcassets */ = {isa = PBXFileReference; lastKnownFileType = folder.assetcatalog; path = Assets.xcassets; sourceTree = "<group>"; };
		CE48B827291BBA8000B50DA0 /* Base */ = {isa = PBXFileReference; lastKnownFileType = file.storyboard; name = Base; path = Base.lproj/LaunchScreen.storyboard; sourceTree = "<group>"; };
		CE48B829291BBA8000B50DA0 /* Info.plist */ = {isa = PBXFileReference; lastKnownFileType = text.plist.xml; path = Info.plist; sourceTree = "<group>"; };
		CE48B82E291BBA8100B50DA0 /* usersTests.xctest */ = {isa = PBXFileReference; explicitFileType = wrapper.cfbundle; includeInIndex = 0; path = usersTests.xctest; sourceTree = BUILT_PRODUCTS_DIR; };
		CE48B832291BBA8100B50DA0 /* usersTests.swift */ = {isa = PBXFileReference; lastKnownFileType = sourcecode.swift; path = usersTests.swift; sourceTree = "<group>"; };
		CE48B838291BBA8100B50DA0 /* usersUITests.xctest */ = {isa = PBXFileReference; explicitFileType = wrapper.cfbundle; includeInIndex = 0; path = usersUITests.xctest; sourceTree = BUILT_PRODUCTS_DIR; };
		CE48B83C291BBA8100B50DA0 /* usersUITests.swift */ = {isa = PBXFileReference; lastKnownFileType = sourcecode.swift; path = usersUITests.swift; sourceTree = "<group>"; };
		CE48B83E291BBA8100B50DA0 /* usersUITestsLaunchTests.swift */ = {isa = PBXFileReference; lastKnownFileType = sourcecode.swift; path = usersUITestsLaunchTests.swift; sourceTree = "<group>"; };
		CE48B84C291BBAD400B50DA0 /* Validation.swift */ = {isa = PBXFileReference; lastKnownFileType = sourcecode.swift; path = Validation.swift; sourceTree = "<group>"; };
		CE48B84E291BBB3000B50DA0 /* Login.storyboard */ = {isa = PBXFileReference; lastKnownFileType = file.storyboard; path = Login.storyboard; sourceTree = "<group>"; };
		CE4D575A291D11CD00AF41BD /* UserTableViewCell.swift */ = {isa = PBXFileReference; lastKnownFileType = sourcecode.swift; path = UserTableViewCell.swift; sourceTree = "<group>"; };
		CE4D575D291D399800AF41BD /* User.swift */ = {isa = PBXFileReference; lastKnownFileType = sourcecode.swift; path = User.swift; sourceTree = "<group>"; };
		CE4D575F292007F400AF41BD /* UserDetailsTableViewController.swift */ = {isa = PBXFileReference; lastKnownFileType = sourcecode.swift; path = UserDetailsTableViewController.swift; sourceTree = "<group>"; };
		CE4D5761292008B800AF41BD /* RequsitesTableViewCell.swift */ = {isa = PBXFileReference; lastKnownFileType = sourcecode.swift; path = RequsitesTableViewCell.swift; sourceTree = "<group>"; };
		CE4D576329200E3E00AF41BD /* PersonalInfo.swift */ = {isa = PBXFileReference; lastKnownFileType = sourcecode.swift; path = PersonalInfo.swift; sourceTree = "<group>"; };
		CE4D576529201F0A00AF41BD /* UserDetailsTableViewCell.swift */ = {isa = PBXFileReference; lastKnownFileType = sourcecode.swift; path = UserDetailsTableViewCell.swift; sourceTree = "<group>"; };
		CE8ED30A292861E40011CF18 /* SignUpDetailsViewController.swift */ = {isa = PBXFileReference; lastKnownFileType = sourcecode.swift; path = SignUpDetailsViewController.swift; sourceTree = "<group>"; };
		CEBE9A5F29227F3C00944A6E /* ProfileTableViewCell.swift */ = {isa = PBXFileReference; lastKnownFileType = sourcecode.swift; path = ProfileTableViewCell.swift; sourceTree = "<group>"; };
/* End PBXFileReference section */

/* Begin PBXFrameworksBuildPhase section */
		CE48B815291BBA7F00B50DA0 /* Frameworks */ = {
			isa = PBXFrameworksBuildPhase;
			buildActionMask = 2147483647;
			files = (
				CE0050292927FA2A00908B41 /* KeyboardLayoutGuide in Frameworks */,
			);
			runOnlyForDeploymentPostprocessing = 0;
		};
		CE48B82B291BBA8100B50DA0 /* Frameworks */ = {
			isa = PBXFrameworksBuildPhase;
			buildActionMask = 2147483647;
			files = (
			);
			runOnlyForDeploymentPostprocessing = 0;
		};
		CE48B835291BBA8100B50DA0 /* Frameworks */ = {
			isa = PBXFrameworksBuildPhase;
			buildActionMask = 2147483647;
			files = (
			);
			runOnlyForDeploymentPostprocessing = 0;
		};
/* End PBXFrameworksBuildPhase section */

/* Begin PBXGroup section */
		CE36B6862923B7C0001FE9D7 /* KeyChain */ = {
			isa = PBXGroup;
			children = (
				CE36B6872923B7D6001FE9D7 /* KeyChainManager.swift */,
			);
			path = KeyChain;
			sourceTree = "<group>";
		};
		CE36B6892923CA8A001FE9D7 /* UserDefaultsStorage */ = {
			isa = PBXGroup;
			children = (
				CE36B68A2923CAA3001FE9D7 /* UserDefaultsController.swift */,
			);
			path = UserDefaultsStorage;
			sourceTree = "<group>";
		};
		CE48B80F291BBA7F00B50DA0 = {
			isa = PBXGroup;
			children = (
				CE48B81A291BBA7F00B50DA0 /* users */,
				CE48B831291BBA8100B50DA0 /* usersTests */,
				CE48B83B291BBA8100B50DA0 /* usersUITests */,
				CE48B819291BBA7F00B50DA0 /* Products */,
			);
			sourceTree = "<group>";
		};
		CE48B819291BBA7F00B50DA0 /* Products */ = {
			isa = PBXGroup;
			children = (
				CE48B818291BBA7F00B50DA0 /* users.app */,
				CE48B82E291BBA8100B50DA0 /* usersTests.xctest */,
				CE48B838291BBA8100B50DA0 /* usersUITests.xctest */,
			);
			name = Products;
			sourceTree = "<group>";
		};
		CE48B81A291BBA7F00B50DA0 /* users */ = {
			isa = PBXGroup;
			children = (
				CE36B6892923CA8A001FE9D7 /* UserDefaultsStorage */,
				CE36B6862923B7C0001FE9D7 /* KeyChain */,
				CE4D575C291D398700AF41BD /* Models */,
				CE4D5759291D11AC00AF41BD /* CellsPrototypes */,
				CE48B84B291BBA8D00B50DA0 /* ViewControllers */,
				CE48B81B291BBA7F00B50DA0 /* AppDelegate.swift */,
				CE48B81D291BBA7F00B50DA0 /* SceneDelegate.swift */,
				CE48B821291BBA7F00B50DA0 /* Main.storyboard */,
				CE48B824291BBA8000B50DA0 /* Assets.xcassets */,
				CE48B84E291BBB3000B50DA0 /* Login.storyboard */,
				CE48B826291BBA8000B50DA0 /* LaunchScreen.storyboard */,
				CE48B829291BBA8000B50DA0 /* Info.plist */,
			);
			path = users;
			sourceTree = "<group>";
		};
		CE48B831291BBA8100B50DA0 /* usersTests */ = {
			isa = PBXGroup;
			children = (
				CE48B832291BBA8100B50DA0 /* usersTests.swift */,
			);
			path = usersTests;
			sourceTree = "<group>";
		};
		CE48B83B291BBA8100B50DA0 /* usersUITests */ = {
			isa = PBXGroup;
			children = (
				CE48B83C291BBA8100B50DA0 /* usersUITests.swift */,
				CE48B83E291BBA8100B50DA0 /* usersUITestsLaunchTests.swift */,
			);
			path = usersUITests;
			sourceTree = "<group>";
		};
		CE48B84B291BBA8D00B50DA0 /* ViewControllers */ = {
			isa = PBXGroup;
			children = (
				CE4D575F292007F400AF41BD /* UserDetailsTableViewController.swift */,
				CEBE9A5F29227F3C00944A6E /* ProfileTableViewCell.swift */,
				CE36B68C2923D995001FE9D7 /* LoginViewController.swift */,
				CE36B68E29244A5D001FE9D7 /* SignUpViewController.swift */,
				CE8ED30A292861E40011CF18 /* SignUpDetailsViewController.swift */,
				CE0E0390292A880600565AA5 /* UsersTableAndCollectionsViewController.swift */,
			);
			path = ViewControllers;
			sourceTree = "<group>";
		};
		CE4D5759291D11AC00AF41BD /* CellsPrototypes */ = {
			isa = PBXGroup;
			children = (
				CE4D5761292008B800AF41BD /* RequsitesTableViewCell.swift */,
				CE4D575A291D11CD00AF41BD /* UserTableViewCell.swift */,
				CE4D576529201F0A00AF41BD /* UserDetailsTableViewCell.swift */,
				CE0E0392292ADD0E00565AA5 /* UserCollectionViewCell.swift */,
				CE1B09D7292D0ABC00D88120 /* TextViewTableViewCell.swift */,
			);
			path = CellsPrototypes;
			sourceTree = "<group>";
		};
		CE4D575C291D398700AF41BD /* Models */ = {
			isa = PBXGroup;
			children = (
				CE48B84C291BBAD400B50DA0 /* Validation.swift */,
				CE4D575D291D399800AF41BD /* User.swift */,
				CE4D576329200E3E00AF41BD /* PersonalInfo.swift */,
				CE00502129267DB700908B41 /* ApiClient.swift */,
				CE0050232926C10F00908B41 /* DownloadUsers.swift */,
				CE1B09D9292D3C9D00D88120 /* UsersStorage.swift */,
			);
			path = Models;
			sourceTree = "<group>";
		};
/* End PBXGroup section */

/* Begin PBXNativeTarget section */
		CE48B817291BBA7F00B50DA0 /* users */ = {
			isa = PBXNativeTarget;
			buildConfigurationList = CE48B842291BBA8100B50DA0 /* Build configuration list for PBXNativeTarget "users" */;
			buildPhases = (
				CE48B814291BBA7F00B50DA0 /* Sources */,
				CE48B815291BBA7F00B50DA0 /* Frameworks */,
				CE48B816291BBA7F00B50DA0 /* Resources */,
			);
			buildRules = (
			);
			dependencies = (
			);
			name = users;
			packageProductDependencies = (
				CE0050282927FA2A00908B41 /* KeyboardLayoutGuide */,
			);
			productName = users;
			productReference = CE48B818291BBA7F00B50DA0 /* users.app */;
			productType = "com.apple.product-type.application";
		};
		CE48B82D291BBA8100B50DA0 /* usersTests */ = {
			isa = PBXNativeTarget;
			buildConfigurationList = CE48B845291BBA8100B50DA0 /* Build configuration list for PBXNativeTarget "usersTests" */;
			buildPhases = (
				CE48B82A291BBA8100B50DA0 /* Sources */,
				CE48B82B291BBA8100B50DA0 /* Frameworks */,
				CE48B82C291BBA8100B50DA0 /* Resources */,
			);
			buildRules = (
			);
			dependencies = (
				CE48B830291BBA8100B50DA0 /* PBXTargetDependency */,
			);
			name = usersTests;
			productName = usersTests;
			productReference = CE48B82E291BBA8100B50DA0 /* usersTests.xctest */;
			productType = "com.apple.product-type.bundle.unit-test";
		};
		CE48B837291BBA8100B50DA0 /* usersUITests */ = {
			isa = PBXNativeTarget;
			buildConfigurationList = CE48B848291BBA8100B50DA0 /* Build configuration list for PBXNativeTarget "usersUITests" */;
			buildPhases = (
				CE48B834291BBA8100B50DA0 /* Sources */,
				CE48B835291BBA8100B50DA0 /* Frameworks */,
				CE48B836291BBA8100B50DA0 /* Resources */,
			);
			buildRules = (
			);
			dependencies = (
				CE48B83A291BBA8100B50DA0 /* PBXTargetDependency */,
			);
			name = usersUITests;
			productName = usersUITests;
			productReference = CE48B838291BBA8100B50DA0 /* usersUITests.xctest */;
			productType = "com.apple.product-type.bundle.ui-testing";
		};
/* End PBXNativeTarget section */

/* Begin PBXProject section */
		CE48B810291BBA7F00B50DA0 /* Project object */ = {
			isa = PBXProject;
			attributes = {
				BuildIndependentTargetsInParallel = 1;
				LastSwiftUpdateCheck = 1400;
				LastUpgradeCheck = 1400;
				TargetAttributes = {
					CE48B817291BBA7F00B50DA0 = {
						CreatedOnToolsVersion = 14.0.1;
					};
					CE48B82D291BBA8100B50DA0 = {
						CreatedOnToolsVersion = 14.0.1;
						TestTargetID = CE48B817291BBA7F00B50DA0;
					};
					CE48B837291BBA8100B50DA0 = {
						CreatedOnToolsVersion = 14.0.1;
						TestTargetID = CE48B817291BBA7F00B50DA0;
					};
				};
			};
			buildConfigurationList = CE48B813291BBA7F00B50DA0 /* Build configuration list for PBXProject "users" */;
			compatibilityVersion = "Xcode 14.0";
			developmentRegion = en;
			hasScannedForEncodings = 0;
			knownRegions = (
				en,
				Base,
			);
			mainGroup = CE48B80F291BBA7F00B50DA0;
			packageReferences = (
				CE0050272927FA2A00908B41 /* XCRemoteSwiftPackageReference "KeyboardLayoutGuide" */,
			);
			productRefGroup = CE48B819291BBA7F00B50DA0 /* Products */;
			projectDirPath = "";
			projectRoot = "";
			targets = (
				CE48B817291BBA7F00B50DA0 /* users */,
				CE48B82D291BBA8100B50DA0 /* usersTests */,
				CE48B837291BBA8100B50DA0 /* usersUITests */,
			);
		};
/* End PBXProject section */

/* Begin PBXResourcesBuildPhase section */
		CE48B816291BBA7F00B50DA0 /* Resources */ = {
			isa = PBXResourcesBuildPhase;
			buildActionMask = 2147483647;
			files = (
				CE48B84F291BBB3000B50DA0 /* Login.storyboard in Resources */,
				CE48B828291BBA8000B50DA0 /* LaunchScreen.storyboard in Resources */,
				CE48B825291BBA8000B50DA0 /* Assets.xcassets in Resources */,
				CE48B823291BBA7F00B50DA0 /* Main.storyboard in Resources */,
			);
			runOnlyForDeploymentPostprocessing = 0;
		};
		CE48B82C291BBA8100B50DA0 /* Resources */ = {
			isa = PBXResourcesBuildPhase;
			buildActionMask = 2147483647;
			files = (
			);
			runOnlyForDeploymentPostprocessing = 0;
		};
		CE48B836291BBA8100B50DA0 /* Resources */ = {
			isa = PBXResourcesBuildPhase;
			buildActionMask = 2147483647;
			files = (
			);
			runOnlyForDeploymentPostprocessing = 0;
		};
/* End PBXResourcesBuildPhase section */

/* Begin PBXSourcesBuildPhase section */
		CE48B814291BBA7F00B50DA0 /* Sources */ = {
			isa = PBXSourcesBuildPhase;
			buildActionMask = 2147483647;
			files = (
				CE48B81C291BBA7F00B50DA0 /* AppDelegate.swift in Sources */,
				CE48B84D291BBAD400B50DA0 /* Validation.swift in Sources */,
				CE36B68D2923D995001FE9D7 /* LoginViewController.swift in Sources */,
				CE00502229267DB700908B41 /* ApiClient.swift in Sources */,
				CE4D576429200E3E00AF41BD /* PersonalInfo.swift in Sources */,
				CE0E0391292A880600565AA5 /* UsersTableAndCollectionsViewController.swift in Sources */,
				CE4D5762292008B800AF41BD /* RequsitesTableViewCell.swift in Sources */,
				CE4D5760292007F400AF41BD /* UserDetailsTableViewController.swift in Sources */,
				CE1B09D8292D0ABC00D88120 /* TextViewTableViewCell.swift in Sources */,
				CE1B09DA292D3C9D00D88120 /* UsersStorage.swift in Sources */,
				CE8ED30B292861E40011CF18 /* SignUpDetailsViewController.swift in Sources */,
				CE4D575B291D11CD00AF41BD /* UserTableViewCell.swift in Sources */,
				CE0E0393292ADD0E00565AA5 /* UserCollectionViewCell.swift in Sources */,
				CE48B81E291BBA7F00B50DA0 /* SceneDelegate.swift in Sources */,
				CE36B68F29244A5D001FE9D7 /* SignUpViewController.swift in Sources */,
				CEBE9A6029227F3C00944A6E /* ProfileTableViewCell.swift in Sources */,
				CE36B68B2923CAA3001FE9D7 /* UserDefaultsController.swift in Sources */,
				CE0050242926C10F00908B41 /* DownloadUsers.swift in Sources */,
				CE4D576629201F0A00AF41BD /* UserDetailsTableViewCell.swift in Sources */,
				CE36B6882923B7D6001FE9D7 /* KeyChainManager.swift in Sources */,
				CE4D575E291D399800AF41BD /* User.swift in Sources */,
			);
			runOnlyForDeploymentPostprocessing = 0;
		};
		CE48B82A291BBA8100B50DA0 /* Sources */ = {
			isa = PBXSourcesBuildPhase;
			buildActionMask = 2147483647;
			files = (
				CE48B833291BBA8100B50DA0 /* usersTests.swift in Sources */,
			);
			runOnlyForDeploymentPostprocessing = 0;
		};
		CE48B834291BBA8100B50DA0 /* Sources */ = {
			isa = PBXSourcesBuildPhase;
			buildActionMask = 2147483647;
			files = (
				CE48B83D291BBA8100B50DA0 /* usersUITests.swift in Sources */,
				CE48B83F291BBA8100B50DA0 /* usersUITestsLaunchTests.swift in Sources */,
			);
			runOnlyForDeploymentPostprocessing = 0;
		};
/* End PBXSourcesBuildPhase section */

/* Begin PBXTargetDependency section */
		CE48B830291BBA8100B50DA0 /* PBXTargetDependency */ = {
			isa = PBXTargetDependency;
			target = CE48B817291BBA7F00B50DA0 /* users */;
			targetProxy = CE48B82F291BBA8100B50DA0 /* PBXContainerItemProxy */;
		};
		CE48B83A291BBA8100B50DA0 /* PBXTargetDependency */ = {
			isa = PBXTargetDependency;
			target = CE48B817291BBA7F00B50DA0 /* users */;
			targetProxy = CE48B839291BBA8100B50DA0 /* PBXContainerItemProxy */;
		};
/* End PBXTargetDependency section */

/* Begin PBXVariantGroup section */
		CE48B821291BBA7F00B50DA0 /* Main.storyboard */ = {
			isa = PBXVariantGroup;
			children = (
				CE48B822291BBA7F00B50DA0 /* Base */,
			);
			name = Main.storyboard;
			sourceTree = "<group>";
		};
		CE48B826291BBA8000B50DA0 /* LaunchScreen.storyboard */ = {
			isa = PBXVariantGroup;
			children = (
				CE48B827291BBA8000B50DA0 /* Base */,
			);
			name = LaunchScreen.storyboard;
			sourceTree = "<group>";
		};
/* End PBXVariantGroup section */

/* Begin XCBuildConfiguration section */
		CE48B840291BBA8100B50DA0 /* Debug */ = {
			isa = XCBuildConfiguration;
			buildSettings = {
				ALWAYS_SEARCH_USER_PATHS = NO;
				CLANG_ANALYZER_NONNULL = YES;
				CLANG_ANALYZER_NUMBER_OBJECT_CONVERSION = YES_AGGRESSIVE;
				CLANG_CXX_LANGUAGE_STANDARD = "gnu++20";
				CLANG_ENABLE_MODULES = YES;
				CLANG_ENABLE_OBJC_ARC = YES;
				CLANG_ENABLE_OBJC_WEAK = YES;
				CLANG_WARN_BLOCK_CAPTURE_AUTORELEASING = YES;
				CLANG_WARN_BOOL_CONVERSION = YES;
				CLANG_WARN_COMMA = YES;
				CLANG_WARN_CONSTANT_CONVERSION = YES;
				CLANG_WARN_DEPRECATED_OBJC_IMPLEMENTATIONS = YES;
				CLANG_WARN_DIRECT_OBJC_ISA_USAGE = YES_ERROR;
				CLANG_WARN_DOCUMENTATION_COMMENTS = YES;
				CLANG_WARN_EMPTY_BODY = YES;
				CLANG_WARN_ENUM_CONVERSION = YES;
				CLANG_WARN_INFINITE_RECURSION = YES;
				CLANG_WARN_INT_CONVERSION = YES;
				CLANG_WARN_NON_LITERAL_NULL_CONVERSION = YES;
				CLANG_WARN_OBJC_IMPLICIT_RETAIN_SELF = YES;
				CLANG_WARN_OBJC_LITERAL_CONVERSION = YES;
				CLANG_WARN_OBJC_ROOT_CLASS = YES_ERROR;
				CLANG_WARN_QUOTED_INCLUDE_IN_FRAMEWORK_HEADER = YES;
				CLANG_WARN_RANGE_LOOP_ANALYSIS = YES;
				CLANG_WARN_STRICT_PROTOTYPES = YES;
				CLANG_WARN_SUSPICIOUS_MOVE = YES;
				CLANG_WARN_UNGUARDED_AVAILABILITY = YES_AGGRESSIVE;
				CLANG_WARN_UNREACHABLE_CODE = YES;
				CLANG_WARN__DUPLICATE_METHOD_MATCH = YES;
				COPY_PHASE_STRIP = NO;
				DEBUG_INFORMATION_FORMAT = dwarf;
				ENABLE_STRICT_OBJC_MSGSEND = YES;
				ENABLE_TESTABILITY = YES;
				GCC_C_LANGUAGE_STANDARD = gnu11;
				GCC_DYNAMIC_NO_PIC = NO;
				GCC_NO_COMMON_BLOCKS = YES;
				GCC_OPTIMIZATION_LEVEL = 0;
				GCC_PREPROCESSOR_DEFINITIONS = (
					"DEBUG=1",
					"$(inherited)",
				);
				GCC_WARN_64_TO_32_BIT_CONVERSION = YES;
				GCC_WARN_ABOUT_RETURN_TYPE = YES_ERROR;
				GCC_WARN_UNDECLARED_SELECTOR = YES;
				GCC_WARN_UNINITIALIZED_AUTOS = YES_AGGRESSIVE;
				GCC_WARN_UNUSED_FUNCTION = YES;
				GCC_WARN_UNUSED_VARIABLE = YES;
				IPHONEOS_DEPLOYMENT_TARGET = 16.0;
				MTL_ENABLE_DEBUG_INFO = INCLUDE_SOURCE;
				MTL_FAST_MATH = YES;
				ONLY_ACTIVE_ARCH = YES;
				SDKROOT = iphoneos;
				SWIFT_ACTIVE_COMPILATION_CONDITIONS = DEBUG;
				SWIFT_OPTIMIZATION_LEVEL = "-Onone";
			};
			name = Debug;
		};
		CE48B841291BBA8100B50DA0 /* Release */ = {
			isa = XCBuildConfiguration;
			buildSettings = {
				ALWAYS_SEARCH_USER_PATHS = NO;
				CLANG_ANALYZER_NONNULL = YES;
				CLANG_ANALYZER_NUMBER_OBJECT_CONVERSION = YES_AGGRESSIVE;
				CLANG_CXX_LANGUAGE_STANDARD = "gnu++20";
				CLANG_ENABLE_MODULES = YES;
				CLANG_ENABLE_OBJC_ARC = YES;
				CLANG_ENABLE_OBJC_WEAK = YES;
				CLANG_WARN_BLOCK_CAPTURE_AUTORELEASING = YES;
				CLANG_WARN_BOOL_CONVERSION = YES;
				CLANG_WARN_COMMA = YES;
				CLANG_WARN_CONSTANT_CONVERSION = YES;
				CLANG_WARN_DEPRECATED_OBJC_IMPLEMENTATIONS = YES;
				CLANG_WARN_DIRECT_OBJC_ISA_USAGE = YES_ERROR;
				CLANG_WARN_DOCUMENTATION_COMMENTS = YES;
				CLANG_WARN_EMPTY_BODY = YES;
				CLANG_WARN_ENUM_CONVERSION = YES;
				CLANG_WARN_INFINITE_RECURSION = YES;
				CLANG_WARN_INT_CONVERSION = YES;
				CLANG_WARN_NON_LITERAL_NULL_CONVERSION = YES;
				CLANG_WARN_OBJC_IMPLICIT_RETAIN_SELF = YES;
				CLANG_WARN_OBJC_LITERAL_CONVERSION = YES;
				CLANG_WARN_OBJC_ROOT_CLASS = YES_ERROR;
				CLANG_WARN_QUOTED_INCLUDE_IN_FRAMEWORK_HEADER = YES;
				CLANG_WARN_RANGE_LOOP_ANALYSIS = YES;
				CLANG_WARN_STRICT_PROTOTYPES = YES;
				CLANG_WARN_SUSPICIOUS_MOVE = YES;
				CLANG_WARN_UNGUARDED_AVAILABILITY = YES_AGGRESSIVE;
				CLANG_WARN_UNREACHABLE_CODE = YES;
				CLANG_WARN__DUPLICATE_METHOD_MATCH = YES;
				COPY_PHASE_STRIP = NO;
				DEBUG_INFORMATION_FORMAT = "dwarf-with-dsym";
				ENABLE_NS_ASSERTIONS = NO;
				ENABLE_STRICT_OBJC_MSGSEND = YES;
				GCC_C_LANGUAGE_STANDARD = gnu11;
				GCC_NO_COMMON_BLOCKS = YES;
				GCC_WARN_64_TO_32_BIT_CONVERSION = YES;
				GCC_WARN_ABOUT_RETURN_TYPE = YES_ERROR;
				GCC_WARN_UNDECLARED_SELECTOR = YES;
				GCC_WARN_UNINITIALIZED_AUTOS = YES_AGGRESSIVE;
				GCC_WARN_UNUSED_FUNCTION = YES;
				GCC_WARN_UNUSED_VARIABLE = YES;
				IPHONEOS_DEPLOYMENT_TARGET = 16.0;
				MTL_ENABLE_DEBUG_INFO = NO;
				MTL_FAST_MATH = YES;
				SDKROOT = iphoneos;
				SWIFT_COMPILATION_MODE = wholemodule;
				SWIFT_OPTIMIZATION_LEVEL = "-O";
				VALIDATE_PRODUCT = YES;
			};
			name = Release;
		};
		CE48B843291BBA8100B50DA0 /* Debug */ = {
			isa = XCBuildConfiguration;
			buildSettings = {
				ASSETCATALOG_COMPILER_APPICON_NAME = AppIcon;
				ASSETCATALOG_COMPILER_GLOBAL_ACCENT_COLOR_NAME = AccentColor;
				CODE_SIGN_STYLE = Automatic;
				CURRENT_PROJECT_VERSION = 1;
				GENERATE_INFOPLIST_FILE = YES;
				INFOPLIST_FILE = users/Info.plist;
				INFOPLIST_KEY_UIApplicationSupportsIndirectInputEvents = YES;
				INFOPLIST_KEY_UILaunchStoryboardName = LaunchScreen.storyboard;
				INFOPLIST_KEY_UIMainStoryboardFile = Main;
				INFOPLIST_KEY_UISupportedInterfaceOrientations_iPad = "UIInterfaceOrientationPortrait UIInterfaceOrientationPortraitUpsideDown UIInterfaceOrientationLandscapeLeft UIInterfaceOrientationLandscapeRight";
				INFOPLIST_KEY_UISupportedInterfaceOrientations_iPhone = "UIInterfaceOrientationPortrait UIInterfaceOrientationLandscapeLeft UIInterfaceOrientationLandscapeRight";
				LD_RUNPATH_SEARCH_PATHS = (
					"$(inherited)",
					"@executable_path/Frameworks",
				);
				MARKETING_VERSION = 1.0;
				PRODUCT_BUNDLE_IDENTIFIER = none.users;
				PRODUCT_NAME = "$(TARGET_NAME)";
				SWIFT_EMIT_LOC_STRINGS = YES;
				SWIFT_VERSION = 5.0;
				TARGETED_DEVICE_FAMILY = "1,2";
			};
			name = Debug;
		};
		CE48B844291BBA8100B50DA0 /* Release */ = {
			isa = XCBuildConfiguration;
			buildSettings = {
				ASSETCATALOG_COMPILER_APPICON_NAME = AppIcon;
				ASSETCATALOG_COMPILER_GLOBAL_ACCENT_COLOR_NAME = AccentColor;
				CODE_SIGN_STYLE = Automatic;
				CURRENT_PROJECT_VERSION = 1;
				GENERATE_INFOPLIST_FILE = YES;
				INFOPLIST_FILE = users/Info.plist;
				INFOPLIST_KEY_UIApplicationSupportsIndirectInputEvents = YES;
				INFOPLIST_KEY_UILaunchStoryboardName = LaunchScreen.storyboard;
				INFOPLIST_KEY_UIMainStoryboardFile = Main;
				INFOPLIST_KEY_UISupportedInterfaceOrientations_iPad = "UIInterfaceOrientationPortrait UIInterfaceOrientationPortraitUpsideDown UIInterfaceOrientationLandscapeLeft UIInterfaceOrientationLandscapeRight";
				INFOPLIST_KEY_UISupportedInterfaceOrientations_iPhone = "UIInterfaceOrientationPortrait UIInterfaceOrientationLandscapeLeft UIInterfaceOrientationLandscapeRight";
				LD_RUNPATH_SEARCH_PATHS = (
					"$(inherited)",
					"@executable_path/Frameworks",
				);
				MARKETING_VERSION = 1.0;
				PRODUCT_BUNDLE_IDENTIFIER = none.users;
				PRODUCT_NAME = "$(TARGET_NAME)";
				SWIFT_EMIT_LOC_STRINGS = YES;
				SWIFT_VERSION = 5.0;
				TARGETED_DEVICE_FAMILY = "1,2";
			};
			name = Release;
		};
		CE48B846291BBA8100B50DA0 /* Debug */ = {
			isa = XCBuildConfiguration;
			buildSettings = {
				ALWAYS_EMBED_SWIFT_STANDARD_LIBRARIES = YES;
				BUNDLE_LOADER = "$(TEST_HOST)";
				CODE_SIGN_STYLE = Automatic;
				CURRENT_PROJECT_VERSION = 1;
				GENERATE_INFOPLIST_FILE = YES;
				IPHONEOS_DEPLOYMENT_TARGET = 16.0;
				MARKETING_VERSION = 1.0;
				PRODUCT_BUNDLE_IDENTIFIER = none.usersTests;
				PRODUCT_NAME = "$(TARGET_NAME)";
				SWIFT_EMIT_LOC_STRINGS = NO;
				SWIFT_VERSION = 5.0;
				TARGETED_DEVICE_FAMILY = "1,2";
				TEST_HOST = "$(BUILT_PRODUCTS_DIR)/users.app/$(BUNDLE_EXECUTABLE_FOLDER_PATH)/users";
			};
			name = Debug;
		};
		CE48B847291BBA8100B50DA0 /* Release */ = {
			isa = XCBuildConfiguration;
			buildSettings = {
				ALWAYS_EMBED_SWIFT_STANDARD_LIBRARIES = YES;
				BUNDLE_LOADER = "$(TEST_HOST)";
				CODE_SIGN_STYLE = Automatic;
				CURRENT_PROJECT_VERSION = 1;
				GENERATE_INFOPLIST_FILE = YES;
				IPHONEOS_DEPLOYMENT_TARGET = 16.0;
				MARKETING_VERSION = 1.0;
				PRODUCT_BUNDLE_IDENTIFIER = none.usersTests;
				PRODUCT_NAME = "$(TARGET_NAME)";
				SWIFT_EMIT_LOC_STRINGS = NO;
				SWIFT_VERSION = 5.0;
				TARGETED_DEVICE_FAMILY = "1,2";
				TEST_HOST = "$(BUILT_PRODUCTS_DIR)/users.app/$(BUNDLE_EXECUTABLE_FOLDER_PATH)/users";
			};
			name = Release;
		};
		CE48B849291BBA8100B50DA0 /* Debug */ = {
			isa = XCBuildConfiguration;
			buildSettings = {
				ALWAYS_EMBED_SWIFT_STANDARD_LIBRARIES = YES;
				CODE_SIGN_STYLE = Automatic;
				CURRENT_PROJECT_VERSION = 1;
				GENERATE_INFOPLIST_FILE = YES;
				MARKETING_VERSION = 1.0;
				PRODUCT_BUNDLE_IDENTIFIER = none.usersUITests;
				PRODUCT_NAME = "$(TARGET_NAME)";
				SWIFT_EMIT_LOC_STRINGS = NO;
				SWIFT_VERSION = 5.0;
				TARGETED_DEVICE_FAMILY = "1,2";
				TEST_TARGET_NAME = users;
			};
			name = Debug;
		};
		CE48B84A291BBA8100B50DA0 /* Release */ = {
			isa = XCBuildConfiguration;
			buildSettings = {
				ALWAYS_EMBED_SWIFT_STANDARD_LIBRARIES = YES;
				CODE_SIGN_STYLE = Automatic;
				CURRENT_PROJECT_VERSION = 1;
				GENERATE_INFOPLIST_FILE = YES;
				MARKETING_VERSION = 1.0;
				PRODUCT_BUNDLE_IDENTIFIER = none.usersUITests;
				PRODUCT_NAME = "$(TARGET_NAME)";
				SWIFT_EMIT_LOC_STRINGS = NO;
				SWIFT_VERSION = 5.0;
				TARGETED_DEVICE_FAMILY = "1,2";
				TEST_TARGET_NAME = users;
			};
			name = Release;
		};
/* End XCBuildConfiguration section */

/* Begin XCConfigurationList section */
		CE48B813291BBA7F00B50DA0 /* Build configuration list for PBXProject "users" */ = {
			isa = XCConfigurationList;
			buildConfigurations = (
				CE48B840291BBA8100B50DA0 /* Debug */,
				CE48B841291BBA8100B50DA0 /* Release */,
			);
			defaultConfigurationIsVisible = 0;
			defaultConfigurationName = Release;
		};
		CE48B842291BBA8100B50DA0 /* Build configuration list for PBXNativeTarget "users" */ = {
			isa = XCConfigurationList;
			buildConfigurations = (
				CE48B843291BBA8100B50DA0 /* Debug */,
				CE48B844291BBA8100B50DA0 /* Release */,
			);
			defaultConfigurationIsVisible = 0;
			defaultConfigurationName = Release;
		};
		CE48B845291BBA8100B50DA0 /* Build configuration list for PBXNativeTarget "usersTests" */ = {
			isa = XCConfigurationList;
			buildConfigurations = (
				CE48B846291BBA8100B50DA0 /* Debug */,
				CE48B847291BBA8100B50DA0 /* Release */,
			);
			defaultConfigurationIsVisible = 0;
			defaultConfigurationName = Release;
		};
		CE48B848291BBA8100B50DA0 /* Build configuration list for PBXNativeTarget "usersUITests" */ = {
			isa = XCConfigurationList;
			buildConfigurations = (
				CE48B849291BBA8100B50DA0 /* Debug */,
				CE48B84A291BBA8100B50DA0 /* Release */,
			);
			defaultConfigurationIsVisible = 0;
			defaultConfigurationName = Release;
		};
/* End XCConfigurationList section */

/* Begin XCRemoteSwiftPackageReference section */
		CE0050272927FA2A00908B41 /* XCRemoteSwiftPackageReference "KeyboardLayoutGuide" */ = {
			isa = XCRemoteSwiftPackageReference;
			repositoryURL = "https://github.com/freshOS/KeyboardLayoutGuide";
			requirement = {
				kind = upToNextMajorVersion;
				minimumVersion = 1.0.0;
			};
		};
/* End XCRemoteSwiftPackageReference section */

/* Begin XCSwiftPackageProductDependency section */
		CE0050282927FA2A00908B41 /* KeyboardLayoutGuide */ = {
			isa = XCSwiftPackageProductDependency;
			package = CE0050272927FA2A00908B41 /* XCRemoteSwiftPackageReference "KeyboardLayoutGuide" */;
			productName = KeyboardLayoutGuide;
		};
/* End XCSwiftPackageProductDependency section */
	};
	rootObject = CE48B810291BBA7F00B50DA0 /* Project object */;
}
