// !$*UTF8*$!
{
	archiveVersion = 1;
	classes = {
	};
	objectVersion = 56;
	objects = {

/* Begin PBXBuildFile section */
		822158A0D1EA16DAB0E64AF6 /* Pods_GitHubManager.framework in Frameworks */ = {isa = PBXBuildFile; fileRef = D856F0349D8F6A8CCC757492 /* Pods_GitHubManager.framework */; };
		CEA1D744293E5D1C00355804 /* GitHubService.swift in Sources */ = {isa = PBXBuildFile; fileRef = CEA1D743293E5D1C00355804 /* GitHubService.swift */; };
		CEA1D748293E6D8800355804 /* AlertControllerFactory.swift in Sources */ = {isa = PBXBuildFile; fileRef = CEA1D747293E6D8800355804 /* AlertControllerFactory.swift */; };
		CEA1D74A293F50C200355804 /* UserProfileViewController.swift in Sources */ = {isa = PBXBuildFile; fileRef = CEA1D749293F50C200355804 /* UserProfileViewController.swift */; };
		CEA1D74D293F6D1500355804 /* Sections.swift in Sources */ = {isa = PBXBuildFile; fileRef = CEA1D74C293F6D1500355804 /* Sections.swift */; };
		CEA1D74F293F6D6700355804 /* User.swift in Sources */ = {isa = PBXBuildFile; fileRef = CEA1D74E293F6D6700355804 /* User.swift */; };
		CEA1D751293F6D7100355804 /* Repository.swift in Sources */ = {isa = PBXBuildFile; fileRef = CEA1D750293F6D7100355804 /* Repository.swift */; };
		CEA1D754293F7C6B00355804 /* UserInfoTableViewCell.swift in Sources */ = {isa = PBXBuildFile; fileRef = CEA1D753293F7C6B00355804 /* UserInfoTableViewCell.swift */; };
		CEA1D756293FF80C00355804 /* RepositoryTableViewCell.swift in Sources */ = {isa = PBXBuildFile; fileRef = CEA1D755293FF80C00355804 /* RepositoryTableViewCell.swift */; };
		CEA1D759293FFB7100355804 /* ConvertDateToString.swift in Sources */ = {isa = PBXBuildFile; fileRef = CEA1D758293FFB7100355804 /* ConvertDateToString.swift */; };
		CEE9047D293E06ED00B5DD63 /* AppDelegate.swift in Sources */ = {isa = PBXBuildFile; fileRef = CEE9047C293E06ED00B5DD63 /* AppDelegate.swift */; };
		CEE9047F293E06ED00B5DD63 /* SceneDelegate.swift in Sources */ = {isa = PBXBuildFile; fileRef = CEE9047E293E06ED00B5DD63 /* SceneDelegate.swift */; };
		CEE90481293E06ED00B5DD63 /* SignInViewController.swift in Sources */ = {isa = PBXBuildFile; fileRef = CEE90480293E06ED00B5DD63 /* SignInViewController.swift */; };
		CEE90486293E06F100B5DD63 /* Assets.xcassets in Resources */ = {isa = PBXBuildFile; fileRef = CEE90485293E06F100B5DD63 /* Assets.xcassets */; };
/* End PBXBuildFile section */

/* Begin PBXFileReference section */
		A9476139BE1A5831E71A7514 /* Pods-GitHubManager.release.xcconfig */ = {isa = PBXFileReference; includeInIndex = 1; lastKnownFileType = text.xcconfig; name = "Pods-GitHubManager.release.xcconfig"; path = "Target Support Files/Pods-GitHubManager/Pods-GitHubManager.release.xcconfig"; sourceTree = "<group>"; };
		CEA1D743293E5D1C00355804 /* GitHubService.swift */ = {isa = PBXFileReference; lastKnownFileType = sourcecode.swift; path = GitHubService.swift; sourceTree = "<group>"; };
		CEA1D747293E6D8800355804 /* AlertControllerFactory.swift */ = {isa = PBXFileReference; lastKnownFileType = sourcecode.swift; path = AlertControllerFactory.swift; sourceTree = "<group>"; };
		CEA1D749293F50C200355804 /* UserProfileViewController.swift */ = {isa = PBXFileReference; lastKnownFileType = sourcecode.swift; path = UserProfileViewController.swift; sourceTree = "<group>"; };
		CEA1D74C293F6D1500355804 /* Sections.swift */ = {isa = PBXFileReference; lastKnownFileType = sourcecode.swift; path = Sections.swift; sourceTree = "<group>"; };
		CEA1D74E293F6D6700355804 /* User.swift */ = {isa = PBXFileReference; lastKnownFileType = sourcecode.swift; path = User.swift; sourceTree = "<group>"; };
		CEA1D750293F6D7100355804 /* Repository.swift */ = {isa = PBXFileReference; lastKnownFileType = sourcecode.swift; path = Repository.swift; sourceTree = "<group>"; };
		CEA1D753293F7C6B00355804 /* UserInfoTableViewCell.swift */ = {isa = PBXFileReference; lastKnownFileType = sourcecode.swift; path = UserInfoTableViewCell.swift; sourceTree = "<group>"; };
		CEA1D755293FF80C00355804 /* RepositoryTableViewCell.swift */ = {isa = PBXFileReference; lastKnownFileType = sourcecode.swift; path = RepositoryTableViewCell.swift; sourceTree = "<group>"; };
		CEA1D758293FFB7100355804 /* ConvertDateToString.swift */ = {isa = PBXFileReference; lastKnownFileType = sourcecode.swift; path = ConvertDateToString.swift; sourceTree = "<group>"; };
		CEE90479293E06ED00B5DD63 /* GitHubManager.app */ = {isa = PBXFileReference; explicitFileType = wrapper.application; includeInIndex = 0; path = GitHubManager.app; sourceTree = BUILT_PRODUCTS_DIR; };
		CEE9047C293E06ED00B5DD63 /* AppDelegate.swift */ = {isa = PBXFileReference; lastKnownFileType = sourcecode.swift; path = AppDelegate.swift; sourceTree = "<group>"; };
		CEE9047E293E06ED00B5DD63 /* SceneDelegate.swift */ = {isa = PBXFileReference; lastKnownFileType = sourcecode.swift; path = SceneDelegate.swift; sourceTree = "<group>"; };
		CEE90480293E06ED00B5DD63 /* SignInViewController.swift */ = {isa = PBXFileReference; lastKnownFileType = sourcecode.swift; path = SignInViewController.swift; sourceTree = "<group>"; };
		CEE90485293E06F100B5DD63 /* Assets.xcassets */ = {isa = PBXFileReference; lastKnownFileType = folder.assetcatalog; path = Assets.xcassets; sourceTree = "<group>"; };
		CEE9048A293E06F100B5DD63 /* Info.plist */ = {isa = PBXFileReference; lastKnownFileType = text.plist.xml; path = Info.plist; sourceTree = "<group>"; };
		D856F0349D8F6A8CCC757492 /* Pods_GitHubManager.framework */ = {isa = PBXFileReference; explicitFileType = wrapper.framework; includeInIndex = 0; path = Pods_GitHubManager.framework; sourceTree = BUILT_PRODUCTS_DIR; };
		F2862CE4A5A516337F869344 /* Pods-GitHubManager.debug.xcconfig */ = {isa = PBXFileReference; includeInIndex = 1; lastKnownFileType = text.xcconfig; name = "Pods-GitHubManager.debug.xcconfig"; path = "Target Support Files/Pods-GitHubManager/Pods-GitHubManager.debug.xcconfig"; sourceTree = "<group>"; };
/* End PBXFileReference section */

/* Begin PBXFrameworksBuildPhase section */
		CEE90476293E06ED00B5DD63 /* Frameworks */ = {
			isa = PBXFrameworksBuildPhase;
			buildActionMask = 2147483647;
			files = (
				822158A0D1EA16DAB0E64AF6 /* Pods_GitHubManager.framework in Frameworks */,
			);
			runOnlyForDeploymentPostprocessing = 0;
		};
/* End PBXFrameworksBuildPhase section */

/* Begin PBXGroup section */
		60519D856F4E914EB1542C8C /* Frameworks */ = {
			isa = PBXGroup;
			children = (
				D856F0349D8F6A8CCC757492 /* Pods_GitHubManager.framework */,
			);
			name = Frameworks;
			sourceTree = "<group>";
		};
		B130C5C4496A02516CC6606B /* Pods */ = {
			isa = PBXGroup;
			children = (
				F2862CE4A5A516337F869344 /* Pods-GitHubManager.debug.xcconfig */,
				A9476139BE1A5831E71A7514 /* Pods-GitHubManager.release.xcconfig */,
			);
			path = Pods;
			sourceTree = "<group>";
		};
		CEA1D740293E5BC500355804 /* Networking */ = {
			isa = PBXGroup;
			children = (
				CEA1D743293E5D1C00355804 /* GitHubService.swift */,
			);
			path = Networking;
			sourceTree = "<group>";
		};
		CEA1D745293E6BDD00355804 /* ViewControllers */ = {
			isa = PBXGroup;
			children = (
				CEE90480293E06ED00B5DD63 /* SignInViewController.swift */,
				CEA1D749293F50C200355804 /* UserProfileViewController.swift */,
			);
			path = ViewControllers;
			sourceTree = "<group>";
		};
		CEA1D746293E6D5A00355804 /* Factories */ = {
			isa = PBXGroup;
			children = (
				CEA1D747293E6D8800355804 /* AlertControllerFactory.swift */,
			);
			path = Factories;
			sourceTree = "<group>";
		};
		CEA1D74B293F6CEE00355804 /* Models */ = {
			isa = PBXGroup;
			children = (
				CEA1D74C293F6D1500355804 /* Sections.swift */,
				CEA1D74E293F6D6700355804 /* User.swift */,
				CEA1D750293F6D7100355804 /* Repository.swift */,
			);
			path = Models;
			sourceTree = "<group>";
		};
		CEA1D752293F7C3B00355804 /* TableViewCells */ = {
			isa = PBXGroup;
			children = (
				CEA1D753293F7C6B00355804 /* UserInfoTableViewCell.swift */,
				CEA1D755293FF80C00355804 /* RepositoryTableViewCell.swift */,
			);
			path = TableViewCells;
			sourceTree = "<group>";
		};
		CEA1D757293FFB5400355804 /* Helpers */ = {
			isa = PBXGroup;
			children = (
				CEA1D758293FFB7100355804 /* ConvertDateToString.swift */,
			);
			path = Helpers;
			sourceTree = "<group>";
		};
		CEE90470293E06ED00B5DD63 = {
			isa = PBXGroup;
			children = (
				CEE9047B293E06ED00B5DD63 /* GitHubManager */,
				CEE9047A293E06ED00B5DD63 /* Products */,
				B130C5C4496A02516CC6606B /* Pods */,
				60519D856F4E914EB1542C8C /* Frameworks */,
			);
			sourceTree = "<group>";
		};
		CEE9047A293E06ED00B5DD63 /* Products */ = {
			isa = PBXGroup;
			children = (
				CEE90479293E06ED00B5DD63 /* GitHubManager.app */,
			);
			name = Products;
			sourceTree = "<group>";
		};
		CEE9047B293E06ED00B5DD63 /* GitHubManager */ = {
			isa = PBXGroup;
			children = (
				CEA1D757293FFB5400355804 /* Helpers */,
				CEE9047C293E06ED00B5DD63 /* AppDelegate.swift */,
				CEE9047E293E06ED00B5DD63 /* SceneDelegate.swift */,
				CEA1D746293E6D5A00355804 /* Factories */,
				CEA1D752293F7C3B00355804 /* TableViewCells */,
				CEA1D74B293F6CEE00355804 /* Models */,
				CEA1D745293E6BDD00355804 /* ViewControllers */,
				CEA1D740293E5BC500355804 /* Networking */,
				CEE90485293E06F100B5DD63 /* Assets.xcassets */,
				CEE9048A293E06F100B5DD63 /* Info.plist */,
			);
			path = GitHubManager;
			sourceTree = "<group>";
		};
/* End PBXGroup section */

/* Begin PBXNativeTarget section */
		CEE90478293E06ED00B5DD63 /* GitHubManager */ = {
			isa = PBXNativeTarget;
			buildConfigurationList = CEE9048D293E06F100B5DD63 /* Build configuration list for PBXNativeTarget "GitHubManager" */;
			buildPhases = (
				B41C428036F21385BF0A8F37 /* [CP] Check Pods Manifest.lock */,
				CEE90475293E06ED00B5DD63 /* Sources */,
				CEE90476293E06ED00B5DD63 /* Frameworks */,
				CEE90477293E06ED00B5DD63 /* Resources */,
				154564417B20B05D3997DAEE /* [CP] Embed Pods Frameworks */,
			);
			buildRules = (
			);
			dependencies = (
			);
			name = GitHubManager;
			productName = GitHubManager;
			productReference = CEE90479293E06ED00B5DD63 /* GitHubManager.app */;
			productType = "com.apple.product-type.application";
		};
/* End PBXNativeTarget section */

/* Begin PBXProject section */
		CEE90471293E06ED00B5DD63 /* Project object */ = {
			isa = PBXProject;
			attributes = {
				BuildIndependentTargetsInParallel = 1;
				LastSwiftUpdateCheck = 1400;
				LastUpgradeCheck = 1400;
				TargetAttributes = {
					CEE90478293E06ED00B5DD63 = {
						CreatedOnToolsVersion = 14.0.1;
					};
				};
			};
			buildConfigurationList = CEE90474293E06ED00B5DD63 /* Build configuration list for PBXProject "GitHubManager" */;
			compatibilityVersion = "Xcode 14.0";
			developmentRegion = en;
			hasScannedForEncodings = 0;
			knownRegions = (
				en,
				Base,
			);
			mainGroup = CEE90470293E06ED00B5DD63;
			productRefGroup = CEE9047A293E06ED00B5DD63 /* Products */;
			projectDirPath = "";
			projectRoot = "";
			targets = (
				CEE90478293E06ED00B5DD63 /* GitHubManager */,
			);
		};
/* End PBXProject section */

/* Begin PBXResourcesBuildPhase section */
		CEE90477293E06ED00B5DD63 /* Resources */ = {
			isa = PBXResourcesBuildPhase;
			buildActionMask = 2147483647;
			files = (
				CEE90486293E06F100B5DD63 /* Assets.xcassets in Resources */,
			);
			runOnlyForDeploymentPostprocessing = 0;
		};
/* End PBXResourcesBuildPhase section */

/* Begin PBXShellScriptBuildPhase section */
		154564417B20B05D3997DAEE /* [CP] Embed Pods Frameworks */ = {
			isa = PBXShellScriptBuildPhase;
			buildActionMask = 2147483647;
			files = (
			);
			inputFileListPaths = (
				"${PODS_ROOT}/Target Support Files/Pods-GitHubManager/Pods-GitHubManager-frameworks-${CONFIGURATION}-input-files.xcfilelist",
			);
			name = "[CP] Embed Pods Frameworks";
			outputFileListPaths = (
				"${PODS_ROOT}/Target Support Files/Pods-GitHubManager/Pods-GitHubManager-frameworks-${CONFIGURATION}-output-files.xcfilelist",
			);
			runOnlyForDeploymentPostprocessing = 0;
			shellPath = /bin/sh;
			shellScript = "\"${PODS_ROOT}/Target Support Files/Pods-GitHubManager/Pods-GitHubManager-frameworks.sh\"\n";
			showEnvVarsInLog = 0;
		};
		B41C428036F21385BF0A8F37 /* [CP] Check Pods Manifest.lock */ = {
			isa = PBXShellScriptBuildPhase;
			buildActionMask = 2147483647;
			files = (
			);
			inputFileListPaths = (
			);
			inputPaths = (
				"${PODS_PODFILE_DIR_PATH}/Podfile.lock",
				"${PODS_ROOT}/Manifest.lock",
			);
			name = "[CP] Check Pods Manifest.lock";
			outputFileListPaths = (
			);
			outputPaths = (
				"$(DERIVED_FILE_DIR)/Pods-GitHubManager-checkManifestLockResult.txt",
			);
			runOnlyForDeploymentPostprocessing = 0;
			shellPath = /bin/sh;
			shellScript = "diff \"${PODS_PODFILE_DIR_PATH}/Podfile.lock\" \"${PODS_ROOT}/Manifest.lock\" > /dev/null\nif [ $? != 0 ] ; then\n    # print error to STDERR\n    echo \"error: The sandbox is not in sync with the Podfile.lock. Run 'pod install' or update your CocoaPods installation.\" >&2\n    exit 1\nfi\n# This output is used by Xcode 'outputs' to avoid re-running this script phase.\necho \"SUCCESS\" > \"${SCRIPT_OUTPUT_FILE_0}\"\n";
			showEnvVarsInLog = 0;
		};
/* End PBXShellScriptBuildPhase section */

/* Begin PBXSourcesBuildPhase section */
		CEE90475293E06ED00B5DD63 /* Sources */ = {
			isa = PBXSourcesBuildPhase;
			buildActionMask = 2147483647;
			files = (
				CEA1D754293F7C6B00355804 /* UserInfoTableViewCell.swift in Sources */,
				CEE90481293E06ED00B5DD63 /* SignInViewController.swift in Sources */,
				CEA1D74F293F6D6700355804 /* User.swift in Sources */,
				CEA1D74D293F6D1500355804 /* Sections.swift in Sources */,
				CEA1D759293FFB7100355804 /* ConvertDateToString.swift in Sources */,
				CEE9047D293E06ED00B5DD63 /* AppDelegate.swift in Sources */,
				CEA1D74A293F50C200355804 /* UserProfileViewController.swift in Sources */,
				CEA1D756293FF80C00355804 /* RepositoryTableViewCell.swift in Sources */,
				CEA1D744293E5D1C00355804 /* GitHubService.swift in Sources */,
				CEE9047F293E06ED00B5DD63 /* SceneDelegate.swift in Sources */,
				CEA1D748293E6D8800355804 /* AlertControllerFactory.swift in Sources */,
				CEA1D751293F6D7100355804 /* Repository.swift in Sources */,
			);
			runOnlyForDeploymentPostprocessing = 0;
		};
/* End PBXSourcesBuildPhase section */

/* Begin XCBuildConfiguration section */
		CEE9048B293E06F100B5DD63 /* Debug */ = {
			isa = XCBuildConfiguration;
			buildSettings = {
				ALWAYS_SEARCH_USER_PATHS = NO;
				CLANG_ANALYZER_NONNULL = YES;
				CLANG_ANALYZER_NUMBER_OBJECT_CONVERSION = YES_AGGRESSIVE;
				CLANG_CXX_LANGUAGE_STANDARD = "gnu++20";
				CLANG_ENABLE_MODULES = YES;
				CLANG_ENABLE_OBJC_ARC = YES;
				CLANG_ENABLE_OBJC_WEAK = YES;
				CLANG_WARN_BLOCK_CAPTURE_AUTORELEASING = YES;
				CLANG_WARN_BOOL_CONVERSION = YES;
				CLANG_WARN_COMMA = YES;
				CLANG_WARN_CONSTANT_CONVERSION = YES;
				CLANG_WARN_DEPRECATED_OBJC_IMPLEMENTATIONS = YES;
				CLANG_WARN_DIRECT_OBJC_ISA_USAGE = YES_ERROR;
				CLANG_WARN_DOCUMENTATION_COMMENTS = YES;
				CLANG_WARN_EMPTY_BODY = YES;
				CLANG_WARN_ENUM_CONVERSION = YES;
				CLANG_WARN_INFINITE_RECURSION = YES;
				CLANG_WARN_INT_CONVERSION = YES;
				CLANG_WARN_NON_LITERAL_NULL_CONVERSION = YES;
				CLANG_WARN_OBJC_IMPLICIT_RETAIN_SELF = YES;
				CLANG_WARN_OBJC_LITERAL_CONVERSION = YES;
				CLANG_WARN_OBJC_ROOT_CLASS = YES_ERROR;
				CLANG_WARN_QUOTED_INCLUDE_IN_FRAMEWORK_HEADER = YES;
				CLANG_WARN_RANGE_LOOP_ANALYSIS = YES;
				CLANG_WARN_STRICT_PROTOTYPES = YES;
				CLANG_WARN_SUSPICIOUS_MOVE = YES;
				CLANG_WARN_UNGUARDED_AVAILABILITY = YES_AGGRESSIVE;
				CLANG_WARN_UNREACHABLE_CODE = YES;
				CLANG_WARN__DUPLICATE_METHOD_MATCH = YES;
				COPY_PHASE_STRIP = NO;
				DEBUG_INFORMATION_FORMAT = dwarf;
				ENABLE_STRICT_OBJC_MSGSEND = YES;
				ENABLE_TESTABILITY = YES;
				GCC_C_LANGUAGE_STANDARD = gnu11;
				GCC_DYNAMIC_NO_PIC = NO;
				GCC_NO_COMMON_BLOCKS = YES;
				GCC_OPTIMIZATION_LEVEL = 0;
				GCC_PREPROCESSOR_DEFINITIONS = (
					"DEBUG=1",
					"$(inherited)",
				);
				GCC_WARN_64_TO_32_BIT_CONVERSION = YES;
				GCC_WARN_ABOUT_RETURN_TYPE = YES_ERROR;
				GCC_WARN_UNDECLARED_SELECTOR = YES;
				GCC_WARN_UNINITIALIZED_AUTOS = YES_AGGRESSIVE;
				GCC_WARN_UNUSED_FUNCTION = YES;
				GCC_WARN_UNUSED_VARIABLE = YES;
				IPHONEOS_DEPLOYMENT_TARGET = 16.0;
				MTL_ENABLE_DEBUG_INFO = INCLUDE_SOURCE;
				MTL_FAST_MATH = YES;
				ONLY_ACTIVE_ARCH = YES;
				SDKROOT = iphoneos;
				SWIFT_ACTIVE_COMPILATION_CONDITIONS = DEBUG;
				SWIFT_OPTIMIZATION_LEVEL = "-Onone";
			};
			name = Debug;
		};
		CEE9048C293E06F100B5DD63 /* Release */ = {
			isa = XCBuildConfiguration;
			buildSettings = {
				ALWAYS_SEARCH_USER_PATHS = NO;
				CLANG_ANALYZER_NONNULL = YES;
				CLANG_ANALYZER_NUMBER_OBJECT_CONVERSION = YES_AGGRESSIVE;
				CLANG_CXX_LANGUAGE_STANDARD = "gnu++20";
				CLANG_ENABLE_MODULES = YES;
				CLANG_ENABLE_OBJC_ARC = YES;
				CLANG_ENABLE_OBJC_WEAK = YES;
				CLANG_WARN_BLOCK_CAPTURE_AUTORELEASING = YES;
				CLANG_WARN_BOOL_CONVERSION = YES;
				CLANG_WARN_COMMA = YES;
				CLANG_WARN_CONSTANT_CONVERSION = YES;
				CLANG_WARN_DEPRECATED_OBJC_IMPLEMENTATIONS = YES;
				CLANG_WARN_DIRECT_OBJC_ISA_USAGE = YES_ERROR;
				CLANG_WARN_DOCUMENTATION_COMMENTS = YES;
				CLANG_WARN_EMPTY_BODY = YES;
				CLANG_WARN_ENUM_CONVERSION = YES;
				CLANG_WARN_INFINITE_RECURSION = YES;
				CLANG_WARN_INT_CONVERSION = YES;
				CLANG_WARN_NON_LITERAL_NULL_CONVERSION = YES;
				CLANG_WARN_OBJC_IMPLICIT_RETAIN_SELF = YES;
				CLANG_WARN_OBJC_LITERAL_CONVERSION = YES;
				CLANG_WARN_OBJC_ROOT_CLASS = YES_ERROR;
				CLANG_WARN_QUOTED_INCLUDE_IN_FRAMEWORK_HEADER = YES;
				CLANG_WARN_RANGE_LOOP_ANALYSIS = YES;
				CLANG_WARN_STRICT_PROTOTYPES = YES;
				CLANG_WARN_SUSPICIOUS_MOVE = YES;
				CLANG_WARN_UNGUARDED_AVAILABILITY = YES_AGGRESSIVE;
				CLANG_WARN_UNREACHABLE_CODE = YES;
				CLANG_WARN__DUPLICATE_METHOD_MATCH = YES;
				COPY_PHASE_STRIP = NO;
				DEBUG_INFORMATION_FORMAT = "dwarf-with-dsym";
				ENABLE_NS_ASSERTIONS = NO;
				ENABLE_STRICT_OBJC_MSGSEND = YES;
				GCC_C_LANGUAGE_STANDARD = gnu11;
				GCC_NO_COMMON_BLOCKS = YES;
				GCC_WARN_64_TO_32_BIT_CONVERSION = YES;
				GCC_WARN_ABOUT_RETURN_TYPE = YES_ERROR;
				GCC_WARN_UNDECLARED_SELECTOR = YES;
				GCC_WARN_UNINITIALIZED_AUTOS = YES_AGGRESSIVE;
				GCC_WARN_UNUSED_FUNCTION = YES;
				GCC_WARN_UNUSED_VARIABLE = YES;
				IPHONEOS_DEPLOYMENT_TARGET = 16.0;
				MTL_ENABLE_DEBUG_INFO = NO;
				MTL_FAST_MATH = YES;
				SDKROOT = iphoneos;
				SWIFT_COMPILATION_MODE = wholemodule;
				SWIFT_OPTIMIZATION_LEVEL = "-O";
				VALIDATE_PRODUCT = YES;
			};
			name = Release;
		};
		CEE9048E293E06F100B5DD63 /* Debug */ = {
			isa = XCBuildConfiguration;
			baseConfigurationReference = F2862CE4A5A516337F869344 /* Pods-GitHubManager.debug.xcconfig */;
			buildSettings = {
				ASSETCATALOG_COMPILER_APPICON_NAME = AppIcon;
				ASSETCATALOG_COMPILER_GLOBAL_ACCENT_COLOR_NAME = AccentColor;
				CODE_SIGN_STYLE = Automatic;
				CURRENT_PROJECT_VERSION = 1;
				GENERATE_INFOPLIST_FILE = YES;
				INFOPLIST_FILE = GitHubManager/Info.plist;
				INFOPLIST_KEY_UIApplicationSupportsIndirectInputEvents = YES;
				INFOPLIST_KEY_UILaunchStoryboardName = LaunchScreen;
				INFOPLIST_KEY_UISupportedInterfaceOrientations_iPad = "UIInterfaceOrientationPortrait UIInterfaceOrientationPortraitUpsideDown UIInterfaceOrientationLandscapeLeft UIInterfaceOrientationLandscapeRight";
				INFOPLIST_KEY_UISupportedInterfaceOrientations_iPhone = "UIInterfaceOrientationPortrait UIInterfaceOrientationLandscapeLeft UIInterfaceOrientationLandscapeRight";
				LD_RUNPATH_SEARCH_PATHS = (
					"$(inherited)",
					"@executable_path/Frameworks",
				);
				MARKETING_VERSION = 1.0;
				PRODUCT_BUNDLE_IDENTIFIER = none.GitHubManager;
				PRODUCT_NAME = "$(TARGET_NAME)";
				SWIFT_EMIT_LOC_STRINGS = YES;
				SWIFT_VERSION = 5.0;
				TARGETED_DEVICE_FAMILY = "1,2";
			};
			name = Debug;
		};
		CEE9048F293E06F100B5DD63 /* Release */ = {
			isa = XCBuildConfiguration;
			baseConfigurationReference = A9476139BE1A5831E71A7514 /* Pods-GitHubManager.release.xcconfig */;
			buildSettings = {
				ASSETCATALOG_COMPILER_APPICON_NAME = AppIcon;
				ASSETCATALOG_COMPILER_GLOBAL_ACCENT_COLOR_NAME = AccentColor;
				CODE_SIGN_STYLE = Automatic;
				CURRENT_PROJECT_VERSION = 1;
				GENERATE_INFOPLIST_FILE = YES;
				INFOPLIST_FILE = GitHubManager/Info.plist;
				INFOPLIST_KEY_UIApplicationSupportsIndirectInputEvents = YES;
				INFOPLIST_KEY_UILaunchStoryboardName = LaunchScreen;
				INFOPLIST_KEY_UISupportedInterfaceOrientations_iPad = "UIInterfaceOrientationPortrait UIInterfaceOrientationPortraitUpsideDown UIInterfaceOrientationLandscapeLeft UIInterfaceOrientationLandscapeRight";
				INFOPLIST_KEY_UISupportedInterfaceOrientations_iPhone = "UIInterfaceOrientationPortrait UIInterfaceOrientationLandscapeLeft UIInterfaceOrientationLandscapeRight";
				LD_RUNPATH_SEARCH_PATHS = (
					"$(inherited)",
					"@executable_path/Frameworks",
				);
				MARKETING_VERSION = 1.0;
				PRODUCT_BUNDLE_IDENTIFIER = none.GitHubManager;
				PRODUCT_NAME = "$(TARGET_NAME)";
				SWIFT_EMIT_LOC_STRINGS = YES;
				SWIFT_VERSION = 5.0;
				TARGETED_DEVICE_FAMILY = "1,2";
			};
			name = Release;
		};
/* End XCBuildConfiguration section */

/* Begin XCConfigurationList section */
		CEE90474293E06ED00B5DD63 /* Build configuration list for PBXProject "GitHubManager" */ = {
			isa = XCConfigurationList;
			buildConfigurations = (
				CEE9048B293E06F100B5DD63 /* Debug */,
				CEE9048C293E06F100B5DD63 /* Release */,
			);
			defaultConfigurationIsVisible = 0;
			defaultConfigurationName = Release;
		};
		CEE9048D293E06F100B5DD63 /* Build configuration list for PBXNativeTarget "GitHubManager" */ = {
			isa = XCConfigurationList;
			buildConfigurations = (
				CEE9048E293E06F100B5DD63 /* Debug */,
				CEE9048F293E06F100B5DD63 /* Release */,
			);
			defaultConfigurationIsVisible = 0;
			defaultConfigurationName = Release;
		};
/* End XCConfigurationList section */
	};
	rootObject = CEE90471293E06ED00B5DD63 /* Project object */;
}
